{
  "_comment": "SignalId lock \u2014 index into the signal catalog, stored raw in every tune's kind:'signal' selector. Codegen APPENDS only; ids never move. See apply_signal_id_lock() in codegen/codegen.py.",
  "ids": {
    "abs_mode": 0,
    "ac_pressure": 1,
    "ac_request": 2,
    "start_sw": 3,
    "switch_1": 4,
    "switch_2": 5,
    "switch_3": 6,
    "switch_4": 7,
    "ac_temp": 8,
    "advance": 9,
    "air_mass": 10,
    "alternator_duty": 11,
    "wastegate_duty": 12,
    "boost_target": 13,
    "boost_error": 14,
    "boost_ltt_pct": 15,
    "wastegate_pos_target": 16,
    "wastegate_pos_duty": 17,
    "launch_active": 18,
    "launch_end_rpm": 19,
    "launch_cut_pct": 20,
    "key_on": 21,
    "sensor_supply_1": 22,
    "sensor_supply_2": 23,
    "dfco_active": 24,
    "lambda_protect_active": 25,
    "shift_cut_active": 26,
    "traction_cap": 27,
    "traction_slip": 28,
    "traction_slip_err": 29,
    "traction_retard": 30,
    "traction_cut_pct": 31,
    "vvt_duty_1": 32,
    "vvt_duty_2": 33,
    "vvt_duty_3": 34,
    "vvt_duty_4": 35,
    "vvt_ltt_1": 36,
    "vvt_ltt_2": 37,
    "vvt_ltt_3": 38,
    "vvt_ltt_4": 39,
    "pit_limit_active": 40,
    "nitrous_active": 41,
    "nitrous_retard": 42,
    "wmi_active": 43,
    "wmi_duty": 44,
    "antilag_active": 45,
    "antilag_retard": 46,
    "vvl_active": 47,
    "cruise_active": 48,
    "cruise_demand": 49,
    "cruise_target": 50,
    "cruise_state": 51,
    "cruise_inhibit": 52,
    "cruise_error_kph": 53,
    "engine_torque_nm": 54,
    "engine_power_kw": 55,
    "lambda_torque_ratio": 56,
    "launch_ign_adv": 57,
    "ambient_air_temp": 58,
    "baro_kpa": 59,
    "base_pw": 60,
    "battery": 61,
    "boost_est": 62,
    "boost_kpa": 63,
    "boost_pressure_pre_ic": 64,
    "brake_fluid_level_sw": 65,
    "brake_pressure_f": 66,
    "brake_pressure_r": 67,
    "brake_sw": 68,
    "cruise_sw": 69,
    "charge_temp": 70,
    "clt": 71,
    "clt_corr": 72,
    "clt_return": 73,
    "clutch_pressure": 74,
    "clutch_sw": 75,
    "trans_brake_sw": 76,
    "co2_bottle_pressure": 77,
    "coolant_flow_sw": 78,
    "coolant_level": 79,
    "coolant_pressure": 80,
    "crank_angle": 81,
    "crankcase_pressure": 82,
    "diff_oil_temp": 83,
    "dtc_active": 84,
    "dtc_indicators": 85,
    "dtc_stored": 86,
    "dtc_worst_code": 87,
    "dtc_worst_sev": 88,
    "dwell": 89,
    "ecu_temp": 90,
    "egt_1": 91,
    "egt_2": 92,
    "egt_3": 93,
    "egt_4": 94,
    "egt_5": 95,
    "egt_6": 96,
    "egt_7": 97,
    "egt_8": 98,
    "egt_9": 99,
    "egt_10": 100,
    "egt_11": 101,
    "egt_12": 102,
    "electrical_load_sw": 103,
    "engine_state": 104,
    "ethanol": 105,
    "ethanol_2": 106,
    "exh_manifold_pressure": 107,
    "o2_src_fault": 108,
    "o2_assign_fault": 109,
    "firing_order_fault": 110,
    "frame_count": 111,
    "fuel_corr_accel": 112,
    "fuel_corr_baro": 113,
    "fuel_corr_cranking": 114,
    "fuel_corr_fuelcomp": 115,
    "fuel_corr_gear": 116,
    "fuel_corr_generic1": 117,
    "fuel_corr_generic2": 118,
    "fuel_corr_generic3": 119,
    "fuel_corr_generic4": 120,
    "fuel_corr_iat": 121,
    "fuel_corr_ltft": 122,
    "fuel_corr_map": 123,
    "fuel_corr_overall": 124,
    "fuel_corr_poststart": 125,
    "fuel_corr_protection": 126,
    "fuel_corr_egt": 127,
    "egt_protect_active": 128,
    "fuel_corr_revlimit": 129,
    "fuel_corr_launch": 130,
    "fuel_corr_stft": 131,
    "fuel_corr_warmup": 132,
    "fuel_cut": 133,
    "fuel_flow": 134,
    "fuel_level_1": 135,
    "fuel_level_2": 136,
    "fuel_load": 137,
    "fuel_pressure": 138,
    "fuel_pressure_pre": 139,
    "fuel_tank_pressure": 140,
    "fuel_temp": 141,
    "fuel_temp_flex": 142,
    "gear": 143,
    "handbrake_sw": 144,
    "humidity": 145,
    "iat": 146,
    "iat_pre_ic": 147,
    "idle_active": 148,
    "idle_state": 149,
    "idle_duty": 150,
    "idle_follower": 151,
    "idle_ign_corr": 152,
    "ign_advance_trim": 153,
    "ign_base_adv": 154,
    "map_est": 155,
    "map_predicted": 156,
    "map_source": 157,
    "tps_rate": 158,
    "fuel_corr_film": 159,
    "out_1": 160,
    "out_2": 161,
    "out_3": 162,
    "out_4": 163,
    "out_5": 164,
    "out_6": 165,
    "out_7": 166,
    "out_8": 167,
    "out_9": 168,
    "out_10": 169,
    "out_11": 170,
    "out_12": 171,
    "out_13": 172,
    "out_14": 173,
    "out_15": 174,
    "out_16": 175,
    "out_17": 176,
    "out_18": 177,
    "out_19": 178,
    "out_20": 179,
    "out_21": 180,
    "out_22": 181,
    "out_23": 182,
    "out_24": 183,
    "out_25": 184,
    "out_26": 185,
    "out_27": 186,
    "out_28": 187,
    "out_29": 188,
    "out_30": 189,
    "out_31": 190,
    "out_32": 191,
    "ign_base_kind": 192,
    "ign_corr_clt": 193,
    "ign_corr_iat": 194,
    "ign_corr_fuelcomp": 195,
    "ign_corr_gear": 196,
    "ign_corr_generic1": 197,
    "ign_corr_generic2": 198,
    "ign_corr_generic3": 199,
    "ign_corr_generic4": 200,
    "ign_corr_poststart": 201,
    "ign_corr_revlimit": 202,
    "ign_corr_transient": 203,
    "idle_ltt_pct": 204,
    "idle_rpm_error": 205,
    "idle_target_rpm": 206,
    "etb_position_1": 207,
    "etb_position_2": 208,
    "etb_duty_1": 209,
    "etb_duty_2": 210,
    "pedal_demand": 211,
    "app_state": 212,
    "throttle_demand": 213,
    "etb_en_1": 214,
    "etb_en_2": 215,
    "hbridge_duty_1": 216,
    "hbridge_duty_2": 217,
    "hbridge_en_1": 218,
    "hbridge_en_2": 219,
    "step_demand_a": 220,
    "step_demand_b": 221,
    "step_en_a": 222,
    "step_en_b": 223,
    "step_pulse": 224,
    "step_dir": 225,
    "step_enable": 226,
    "etb_state_1": 227,
    "etb_state_2": 228,
    "etb_target_1": 229,
    "etb_target_2": 230,
    "etb_iterm_1": 231,
    "etb_iterm_2": 232,
    "ign_cut": 233,
    "imap": 234,
    "inj_press_diff": 235,
    "inj_press_diff_2": 236,
    "inj_press_diff_3": 237,
    "inj_press_diff_4": 238,
    "fuel_sg": 239,
    "fuel_flow_vol": 240,
    "fuel_level_l": 241,
    "inj_pw": 242,
    "inj_duty": 243,
    "inj_duty_2": 244,
    "inj_duty_3": 245,
    "inj_duty_4": 246,
    "knock_1": 247,
    "knock_2": 248,
    "knock_count": 249,
    "knock_level": 250,
    "knock_retard": 251,
    "lambda_1": 252,
    "lambda_2": 253,
    "lambda_3": 254,
    "lambda_4": 255,
    "lambda_5": 256,
    "lambda_6": 257,
    "lambda_7": 258,
    "lambda_8": 259,
    "lambda_9": 260,
    "lambda_10": 261,
    "lambda_11": 262,
    "lambda_12": 263,
    "lambda_13": 264,
    "lambda_14": 265,
    "lambda_15": 266,
    "lambda_target": 267,
    "lambda_overall": 268,
    "lambda_bank_1": 269,
    "lambda_bank_2": 270,
    "launch_sw": 271,
    "ltft_pct": 272,
    "lua_error_count": 273,
    "lua_error_line": 274,
    "lua_gauge_1": 275,
    "lua_gauge_2": 276,
    "lua_gauge_3": 277,
    "lua_gauge_4": 278,
    "lua_gauge_5": 279,
    "lua_gauge_6": 280,
    "lua_gauge_7": 281,
    "lua_gauge_8": 282,
    "lua_state": 283,
    "lua_exec_us": 284,
    "maf": 285,
    "map": 286,
    "monitor_flags": 287,
    "narrowband_1": 288,
    "narrowband_2": 289,
    "neutral_sw": 290,
    "nitrous_pressure_1": 291,
    "nitrous_pressure_2": 292,
    "nitrous_pressure_3": 293,
    "nitrous_pressure_4": 294,
    "can1_load_pct": 295,
    "can1_tx_fps": 296,
    "can1_rx_fps": 297,
    "can1_tec": 298,
    "can1_rec": 299,
    "can1_state": 300,
    "can1_last_err": 301,
    "can1_bus_off": 302,
    "can1_tx_fail": 303,
    "can2_load_pct": 304,
    "can2_tx_fps": 305,
    "can2_rx_fps": 306,
    "can2_tec": 307,
    "can2_rec": 308,
    "can2_state": 309,
    "can2_last_err": 310,
    "can2_bus_off": 311,
    "can2_tx_fail": 312,
    "obd_clear_cmd": 313,
    "oil_level": 314,
    "oil_pressure": 315,
    "oil_pressure_sw": 316,
    "oil_temp": 317,
    "oil_temp_return": 318,
    "per_cycle_count": 319,
    "pin_conflict_fault": 320,
    "power_steering_pressure": 321,
    "power_steering_sw": 322,
    "flood_clear": 323,
    "prime_pw": 324,
    "ign_exec_mask": 325,
    "preign_cut_mask": 326,
    "misfire_rough": 327,
    "misfire_count": 328,
    "misfire_cut_mask": 329,
    "inj_exec_mask": 330,
    "prot_ign_retard": 331,
    "spark_retard_total": 332,
    "prot_status": 333,
    "pw_add_deadtime": 334,
    "reverse_sw": 335,
    "ride_height_f": 336,
    "ride_height_r": 337,
    "rotary_trim_1": 338,
    "rotary_trim_2": 339,
    "rotary_trim_3": 340,
    "rotary_trim_4": 341,
    "rotary_trim_5": 342,
    "rotary_trim_6": 343,
    "aux_1": 344,
    "aux_2": 345,
    "aux_3": 346,
    "aux_4": 347,
    "aux_5": 348,
    "aux_6": 349,
    "rpm": 350,
    "rpm_to_limit": 351,
    "run_time": 352,
    "cpu_load_pct": 353,
    "frame_load_pct": 354,
    "frame_load_max_pct": 355,
    "uptime_s": 356,
    "trigger_teeth": 357,
    "secl": 358,
    "shock_travel": 359,
    "soft_cut_pct": 360,
    "steering_angle": 361,
    "stft_pct": 362,
    "lambda_cl_state": 363,
    "sync_level": 364,
    "synchronized": 365,
    "torque_conv_pressure": 366,
    "transient_active": 367,
    "transient_enrich_pct": 368,
    "tt_load_rate": 369,
    "tt_start_load": 370,
    "tps": 371,
    "tps_2": 372,
    "app_1": 373,
    "app_2": 374,
    "track_temp": 375,
    "trans_input_rpm": 376,
    "trans_line_pressure": 377,
    "trans_oil_temp": 378,
    "transfer_case_pressure": 379,
    "trigger_error_pct": 380,
    "trigger_absent": 381,
    "trigger_noise_edges": 382,
    "trigger_missed_teeth": 383,
    "trigger_phase_lost": 384,
    "trigger_fault_stream": 385,
    "trigger_sync_ceiling": 386,
    "trigger_last_error_kind": 387,
    "trigger_last_error_tooth": 388,
    "tumble_valve_1": 389,
    "tumble_valve_2": 390,
    "turbo_speed_1": 391,
    "turbo_speed_2": 392,
    "vehicle_dynamics": 393,
    "vehicle_spd": 394,
    "wheel_hz_fl": 395,
    "wheel_hz_fr": 396,
    "wheel_hz_rl": 397,
    "wheel_hz_rr": 398,
    "driveshaft_rpm": 399,
    "shaft_hz": 400,
    "gps_hz": 401,
    "ve": 402,
    "vvt_angle_1": 403,
    "vvt_angle_2": 404,
    "vvt_angle_3": 405,
    "vvt_angle_4": 406,
    "wastegate_1_temp": 407,
    "wastegate_2_temp": 408,
    "wastegate_pressure": 409,
    "wastegate_valve_pos_1": 410,
    "wastegate_valve_pos_2": 411,
    "gps_spd": 412,
    "shaft_spd": 413,
    "wheel_fl": 414,
    "wheel_fr": 415,
    "wheel_rl": 416,
    "wheel_rr": 417,
    "wheelie_bar_pressure": 418,
    "wheelie_bar_pressure_l": 419,
    "wheelie_bar_pressure_r": 420,
    "config_gen": 421,
    "config_dirty": 422,
    "command_state": 423,
    "sd_present": 424,
    "sd_msc_active": 425,
    "sd_logging": 426,
    "prot_rev_limit": 427,
    "prot_rev_cut_fuel": 428,
    "prot_boost_corr": 429,
    "stft_bank_1_pct": 430,
    "stft_bank_2_pct": 431,
    "ltft_bank_1_pct": 432,
    "ltft_bank_2_pct": 433,
    "hw_av1": 434,
    "hw_av2": 435,
    "hw_av3": 436,
    "hw_av4": 437,
    "hw_av5": 438,
    "hw_av6": 439,
    "hw_av7": 440,
    "hw_av8": 441,
    "hw_av9": 442,
    "hw_av10": 443,
    "hw_av11": 444,
    "hw_av12": 445,
    "hw_at1": 446,
    "hw_at2": 447,
    "hw_at3": 448,
    "hw_at4": 449,
    "hw_dig1_freq": 450,
    "hw_dig1_pulse": 451,
    "hw_dig1_sent": 452,
    "hw_dig1_level": 453,
    "hw_dig2_freq": 454,
    "hw_dig2_pulse": 455,
    "hw_dig2_sent": 456,
    "hw_dig2_level": 457,
    "hw_dig3_freq": 458,
    "hw_dig3_pulse": 459,
    "hw_dig3_sent": 460,
    "hw_dig3_level": 461,
    "hw_dig4_freq": 462,
    "hw_dig4_pulse": 463,
    "hw_dig4_sent": 464,
    "hw_dig4_level": 465,
    "hw_dig5_freq": 466,
    "hw_dig5_pulse": 467,
    "hw_dig5_sent": 468,
    "hw_dig5_level": 469,
    "hw_dig6_freq": 470,
    "hw_dig6_pulse": 471,
    "hw_dig6_sent": 472,
    "hw_dig6_level": 473,
    "maf_failover": 474,
    "flex_ethanol": 475,
    "spark_below_map": 476,
    "no_tune": 477
  }
}
