{
  "_comment": "SignalId lock \u2014 index into the signal catalog, stored raw in every tune's kind:'signal' selector. Codegen APPENDS only; ids never move. See apply_signal_id_lock() in codegen/codegen.py.",
  "ids": {
    "abs_mode": 0,
    "ac_pressure": 1,
    "ac_request": 2,
    "start_sw": 3,
    "switch_1": 4,
    "switch_2": 5,
    "switch_3": 6,
    "switch_4": 7,
    "ac_temp": 8,
    "advance": 9,
    "air_mass": 10,
    "alternator_duty": 11,
    "wastegate_duty": 12,
    "boost_target": 13,
    "launch_active": 14,
    "key_on": 15,
    "sensor_supply_1": 16,
    "sensor_supply_2": 17,
    "dfco_active": 18,
    "lambda_protect_active": 19,
    "shift_cut_active": 20,
    "traction_cap": 21,
    "vvt_duty_1": 22,
    "vvt_duty_2": 23,
    "vvt_duty_3": 24,
    "vvt_duty_4": 25,
    "vvt_ltt_1": 26,
    "vvt_ltt_2": 27,
    "vvt_ltt_3": 28,
    "vvt_ltt_4": 29,
    "pit_limit_active": 30,
    "nitrous_active": 31,
    "nitrous_retard": 32,
    "wmi_active": 33,
    "wmi_duty": 34,
    "antilag_active": 35,
    "antilag_retard": 36,
    "vvl_active": 37,
    "cruise_active": 38,
    "cruise_demand": 39,
    "cruise_target": 40,
    "cruise_state": 41,
    "cruise_inhibit": 42,
    "cruise_error_kph": 43,
    "engine_torque_nm": 44,
    "engine_power_kw": 45,
    "lambda_torque_ratio": 46,
    "launch_ign_adv": 47,
    "ambient_air_temp": 48,
    "baro_kpa": 49,
    "base_pw": 50,
    "battery": 51,
    "boost_est": 52,
    "boost_kpa": 53,
    "boost_pressure_pre_ic": 54,
    "brake_fluid_level_sw": 55,
    "brake_pressure_f": 56,
    "brake_pressure_r": 57,
    "brake_sw": 58,
    "cruise_sw": 59,
    "charge_temp": 60,
    "clt": 61,
    "clt_corr": 62,
    "clt_return": 63,
    "clutch_pressure": 64,
    "clutch_sw": 65,
    "co2_bottle_pressure": 66,
    "coolant_flow_sw": 67,
    "coolant_level": 68,
    "coolant_pressure": 69,
    "crank_angle": 70,
    "crankcase_pressure": 71,
    "diff_oil_temp": 72,
    "dtc_active": 73,
    "dtc_indicators": 74,
    "dtc_stored": 75,
    "dtc_worst_code": 76,
    "dtc_worst_sev": 77,
    "dwell": 78,
    "ecu_temp": 79,
    "egt_1": 80,
    "egt_2": 81,
    "egt_3": 82,
    "egt_4": 83,
    "egt_5": 84,
    "egt_6": 85,
    "egt_7": 86,
    "egt_8": 87,
    "egt_9": 88,
    "egt_10": 89,
    "egt_11": 90,
    "egt_12": 91,
    "electrical_load_sw": 92,
    "engine_state": 93,
    "ethanol": 94,
    "ethanol_2": 95,
    "exh_manifold_pressure": 96,
    "o2_src_fault": 97,
    "o2_assign_fault": 98,
    "firing_order_fault": 99,
    "frame_count": 100,
    "fuel_corr_accel": 101,
    "fuel_corr_baro": 102,
    "fuel_corr_cranking": 103,
    "fuel_corr_fuelcomp": 104,
    "fuel_corr_gear": 105,
    "fuel_corr_generic1": 106,
    "fuel_corr_generic2": 107,
    "fuel_corr_generic3": 108,
    "fuel_corr_generic4": 109,
    "fuel_corr_iat": 110,
    "fuel_corr_ltft": 111,
    "lambda_cl_hold": 112,
    "fuel_corr_overall": 113,
    "fuel_corr_poststart": 114,
    "fuel_corr_protection": 115,
    "fuel_corr_egt": 116,
    "egt_protect_active": 117,
    "fuel_corr_revlimit": 118,
    "fuel_corr_stft": 119,
    "fuel_corr_warmup": 120,
    "fuel_cut": 121,
    "fuel_flow": 122,
    "fuel_level_1": 123,
    "fuel_level_2": 124,
    "fuel_load": 125,
    "fuel_pressure": 126,
    "fuel_pressure_pre": 127,
    "fuel_tank_pressure": 128,
    "fuel_temp": 129,
    "fuel_temp_flex": 130,
    "gear": 131,
    "handbrake_sw": 132,
    "humidity": 133,
    "iat": 134,
    "iat_pre_ic": 135,
    "idle_active": 136,
    "idle_duty": 137,
    "idle_follower": 138,
    "idle_ign_corr": 139,
    "ign_advance_trim": 140,
    "ign_base_adv": 141,
    "map_est": 142,
    "map_predicted": 143,
    "map_source": 144,
    "tps_rate": 145,
    "fuel_corr_film": 146,
    "out_1": 147,
    "out_2": 148,
    "out_3": 149,
    "out_4": 150,
    "out_5": 151,
    "out_6": 152,
    "out_7": 153,
    "out_8": 154,
    "out_9": 155,
    "out_10": 156,
    "out_11": 157,
    "out_12": 158,
    "out_13": 159,
    "out_14": 160,
    "out_15": 161,
    "out_16": 162,
    "out_17": 163,
    "out_18": 164,
    "out_19": 165,
    "out_20": 166,
    "out_21": 167,
    "out_22": 168,
    "out_23": 169,
    "out_24": 170,
    "out_25": 171,
    "out_26": 172,
    "out_27": 173,
    "out_28": 174,
    "out_29": 175,
    "out_30": 176,
    "out_31": 177,
    "out_32": 178,
    "out_33": 179,
    "out_34": 180,
    "out_35": 181,
    "out_36": 182,
    "out_37": 183,
    "out_38": 184,
    "out_39": 185,
    "out_40": 186,
    "out_41": 187,
    "out_42": 188,
    "ign_base_kind": 189,
    "ign_corr_clt": 190,
    "ign_corr_iat": 191,
    "ign_corr_fuelcomp": 192,
    "ign_corr_gear": 193,
    "ign_corr_generic1": 194,
    "ign_corr_generic2": 195,
    "ign_corr_generic3": 196,
    "ign_corr_generic4": 197,
    "ign_corr_poststart": 198,
    "ign_corr_revlimit": 199,
    "ign_corr_transient": 200,
    "idle_ltt_pct": 201,
    "idle_rpm_error": 202,
    "idle_target_rpm": 203,
    "etb_position_1": 204,
    "etb_position_2": 205,
    "etb_duty_1": 206,
    "etb_duty_2": 207,
    "pedal_demand": 208,
    "app_state": 209,
    "throttle_demand": 210,
    "etb_en_1": 211,
    "etb_en_2": 212,
    "hbridge_duty_1": 213,
    "hbridge_duty_2": 214,
    "hbridge_en_1": 215,
    "hbridge_en_2": 216,
    "step_demand_a": 217,
    "step_demand_b": 218,
    "step_en_a": 219,
    "step_en_b": 220,
    "step_pulse": 221,
    "step_dir": 222,
    "step_enable": 223,
    "etb_state_1": 224,
    "etb_state_2": 225,
    "etb_target_1": 226,
    "etb_target_2": 227,
    "etb_iterm_1": 228,
    "etb_iterm_2": 229,
    "ign_cut": 230,
    "imap": 231,
    "inj_press_diff": 232,
    "inj_press_diff_2": 233,
    "inj_press_diff_3": 234,
    "inj_press_diff_4": 235,
    "inj_pw": 236,
    "knock_1": 237,
    "knock_2": 238,
    "knock_count": 239,
    "knock_level": 240,
    "knock_retard": 241,
    "lambda_1": 242,
    "lambda_2": 243,
    "lambda_3": 244,
    "lambda_4": 245,
    "lambda_5": 246,
    "lambda_6": 247,
    "lambda_7": 248,
    "lambda_8": 249,
    "lambda_9": 250,
    "lambda_10": 251,
    "lambda_11": 252,
    "lambda_12": 253,
    "lambda_13": 254,
    "lambda_14": 255,
    "lambda_15": 256,
    "lambda_target": 257,
    "launch_sw": 258,
    "ltft_pct": 259,
    "lua_error_count": 260,
    "lua_error_line": 261,
    "lua_gauge_1": 262,
    "lua_gauge_2": 263,
    "lua_gauge_3": 264,
    "lua_gauge_4": 265,
    "lua_gauge_5": 266,
    "lua_gauge_6": 267,
    "lua_gauge_7": 268,
    "lua_gauge_8": 269,
    "lua_state": 270,
    "lua_exec_us": 271,
    "maf": 272,
    "map": 273,
    "monitor_flags": 274,
    "narrowband_1": 275,
    "narrowband_2": 276,
    "neutral_sw": 277,
    "nitrous_pressure_1": 278,
    "nitrous_pressure_2": 279,
    "nitrous_pressure_3": 280,
    "nitrous_pressure_4": 281,
    "obd_clear_cmd": 282,
    "oil_level": 283,
    "oil_pressure": 284,
    "oil_pressure_sw": 285,
    "oil_temp": 286,
    "oil_temp_return": 287,
    "per_cycle_count": 288,
    "pin_conflict_fault": 289,
    "power_steering_pressure": 290,
    "power_steering_sw": 291,
    "flood_clear": 292,
    "prime_pw": 293,
    "ign_exec_mask": 294,
    "preign_cut_mask": 295,
    "misfire_rough": 296,
    "misfire_count": 297,
    "misfire_cut_mask": 298,
    "inj_exec_mask": 299,
    "prot_ign_retard": 300,
    "spark_retard_total": 301,
    "prot_status": 302,
    "pw_add_deadtime": 303,
    "reverse_sw": 304,
    "ride_height_f": 305,
    "ride_height_r": 306,
    "rotary_trim_1": 307,
    "rotary_trim_2": 308,
    "rotary_trim_3": 309,
    "rotary_trim_4": 310,
    "rotary_trim_5": 311,
    "rotary_trim_6": 312,
    "aux_1": 313,
    "aux_2": 314,
    "aux_3": 315,
    "aux_4": 316,
    "aux_5": 317,
    "aux_6": 318,
    "rpm": 319,
    "rpm_to_limit": 320,
    "run_time": 321,
    "uptime_s": 322,
    "trigger_teeth": 323,
    "secl": 324,
    "shock_travel": 325,
    "soft_cut_pct": 326,
    "steering_angle": 327,
    "stft_pct": 328,
    "lambda_cl_state": 329,
    "sync_level": 330,
    "synchronized": 331,
    "torque_conv_pressure": 332,
    "transient_active": 333,
    "transient_enrich_pct": 334,
    "tt_load_rate": 335,
    "tt_start_load": 336,
    "tps": 337,
    "tps_2": 338,
    "app_1": 339,
    "app_2": 340,
    "track_temp": 341,
    "trans_input_rpm": 342,
    "trans_line_pressure": 343,
    "trans_oil_temp": 344,
    "transfer_case_pressure": 345,
    "trigger_error_pct": 346,
    "trigger_absent": 347,
    "trigger_noise_edges": 348,
    "trigger_missed_teeth": 349,
    "trigger_phase_lost": 350,
    "trigger_fault_stream": 351,
    "trigger_sync_ceiling": 352,
    "trigger_last_error_kind": 353,
    "trigger_last_error_tooth": 354,
    "tumble_valve_1": 355,
    "tumble_valve_2": 356,
    "turbo_speed_1": 357,
    "turbo_speed_2": 358,
    "vehicle_dynamics": 359,
    "vehicle_spd": 360,
    "wheel_hz_fl": 361,
    "wheel_hz_fr": 362,
    "wheel_hz_rl": 363,
    "wheel_hz_rr": 364,
    "shaft_hz": 365,
    "ve": 366,
    "vvt_angle_1": 367,
    "vvt_angle_2": 368,
    "vvt_angle_3": 369,
    "vvt_angle_4": 370,
    "wastegate_1_temp": 371,
    "wastegate_2_temp": 372,
    "wastegate_pressure": 373,
    "wastegate_valve_pos_1": 374,
    "wastegate_valve_pos_2": 375,
    "wheel_fl": 376,
    "wheel_fr": 377,
    "wheel_rl": 378,
    "wheel_rr": 379,
    "wheelie_bar_pressure": 380,
    "wheelie_bar_pressure_l": 381,
    "wheelie_bar_pressure_r": 382,
    "config_gen": 383,
    "config_dirty": 384,
    "command_state": 385,
    "sd_present": 386,
    "sd_msc_active": 387,
    "sd_logging": 388,
    "prot_rev_limit": 389,
    "prot_rev_cut_fuel": 390,
    "prot_boost_corr": 391,
    "stft_bank_1_pct": 392,
    "stft_bank_2_pct": 393,
    "ltft_bank_1_pct": 394,
    "ltft_bank_2_pct": 395,
    "hw_av1": 396,
    "hw_av2": 397,
    "hw_av3": 398,
    "hw_av4": 399,
    "hw_av5": 400,
    "hw_av6": 401,
    "hw_av7": 402,
    "hw_av8": 403,
    "hw_av9": 404,
    "hw_av10": 405,
    "hw_av11": 406,
    "hw_av12": 407,
    "hw_av13": 408,
    "hw_av14": 409,
    "hw_av15": 410,
    "hw_av16": 411,
    "hw_at1": 412,
    "hw_at2": 413,
    "hw_at3": 414,
    "hw_at4": 415,
    "hw_dig1_freq": 416,
    "hw_dig1_pulse": 417,
    "hw_dig1_sent": 418,
    "hw_dig1_level": 419,
    "hw_dig2_freq": 420,
    "hw_dig2_pulse": 421,
    "hw_dig2_sent": 422,
    "hw_dig2_level": 423,
    "hw_dig3_freq": 424,
    "hw_dig3_pulse": 425,
    "hw_dig3_sent": 426,
    "hw_dig3_level": 427,
    "hw_dig4_freq": 428,
    "hw_dig4_pulse": 429,
    "hw_dig4_sent": 430,
    "hw_dig4_level": 431,
    "hw_dig5_freq": 432,
    "hw_dig5_pulse": 433,
    "hw_dig5_sent": 434,
    "hw_dig5_level": 435,
    "hw_dig6_freq": 436,
    "hw_dig6_pulse": 437,
    "hw_dig6_sent": 438,
    "hw_dig6_level": 439,
    "hw_dig7_freq": 440,
    "hw_dig7_pulse": 441,
    "hw_dig7_sent": 442,
    "hw_dig7_level": 443,
    "hw_dig8_freq": 444,
    "hw_dig8_pulse": 445,
    "hw_dig8_sent": 446,
    "hw_dig8_level": 447,
    "gps_hz": 448,
    "traction_slip": 449,
    "traction_slip_err": 450,
    "traction_retard": 451,
    "traction_cut_pct": 452,
    "shaft_spd": 453,
    "gps_spd": 454,
    "boost_error": 455,
    "boost_ltt_pct": 456,
    "wastegate_pos_target": 457,
    "wastegate_pos_duty": 458,
    "cpu_load_pct": 459,
    "frame_load_pct": 460,
    "frame_load_max_pct": 461,
    "inj_duty": 462,
    "inj_duty_2": 463,
    "inj_duty_3": 464,
    "inj_duty_4": 465,
    "lambda_overall": 466,
    "lambda_bank_1": 467,
    "lambda_bank_2": 468,
    "can1_load_pct": 469,
    "can1_tx_fps": 470,
    "can1_rx_fps": 471,
    "can1_tec": 472,
    "can1_rec": 473,
    "can1_state": 474,
    "can1_last_err": 475,
    "can1_bus_off": 476,
    "can1_tx_fail": 477,
    "can2_load_pct": 478,
    "can2_tx_fps": 479,
    "can2_rx_fps": 480,
    "can2_tec": 481,
    "can2_rec": 482,
    "can2_state": 483,
    "can2_last_err": 484,
    "can2_bus_off": 485,
    "can2_tx_fail": 486,
    "fuel_sg": 487,
    "fuel_flow_vol": 488,
    "fuel_level_l": 489,
    "driveshaft_rpm": 490,
    "launch_end_rpm": 491,
    "launch_cut_pct": 492,
    "fuel_corr_launch": 493,
    "trans_brake_sw": 494,
    "idle_state": 495,
    "flex_ethanol": 496,
    "maf_failover": 497,
    "spark_below_map": 498,
    "no_tune": 499,
    "stage1_ethanol": 500,
    "stage2_ethanol": 501,
    "stage3_ethanol": 502,
    "stage4_ethanol": 503,
    "fuel_corr_fuelcomp_2": 504,
    "fuel_corr_fuelcomp_3": 505,
    "fuel_corr_fuelcomp_4": 506,
    "fuel_sg_2": 507,
    "fuel_sg_3": 508,
    "fuel_sg_4": 509,
    "charge_load": 510,
    "ve_alpha": 511,
    "blend_alpha_share": 512,
    "prot_level": 513,
    "blink_slow": 514,
    "blink_fast": 515
  }
}
