{
 "format": 1,
 "min_studio": "0.1.0",
 "entries": [
  "autotune.delay_table:str",
  "autotune.ego_channels.[]:str",
  "autotune.filters.[].channel:str",
  "autotune.filters.[].name:str",
  "autotune.filters.[].op:str",
  "autotune.filters.[].value:num",
  "autotune.lambda_channel:str",
  "autotune.table:str",
  "autotune.target_channel:str",
  "commands.[].args.[].label:str",
  "commands.[].args.[].max:num",
  "commands.[].args.[].min:num",
  "commands.[].args.[].type:str",
  "commands.[].args.[].type=int",
  "commands.[].args.[].units:str",
  "commands.[].help:str",
  "commands.[].name:str",
  "commands.[].refresh.[]:str",
  "config.*.*.apply_to.[]:str",
  "config.*.*.arrays.*.count:num",
  "config.*.*.arrays.*.fields.*.datatype:str",
  "config.*.*.arrays.*.fields.*.datatype=S16",
  "config.*.*.arrays.*.fields.*.datatype=U08",
  "config.*.*.arrays.*.fields.*.datatype=U16",
  "config.*.*.arrays.*.fields.*.digits:num",
  "config.*.*.arrays.*.fields.*.help:str",
  "config.*.*.arrays.*.fields.*.kind:str",
  "config.*.*.arrays.*.fields.*.kind=enum",
  "config.*.*.arrays.*.fields.*.kind=signal",
  "config.*.*.arrays.*.fields.*.label:str",
  "config.*.*.arrays.*.fields.*.max:num",
  "config.*.*.arrays.*.fields.*.min:num",
  "config.*.*.arrays.*.fields.*.options.[]:str",
  "config.*.*.arrays.*.fields.*.rel_offset:num",
  "config.*.*.arrays.*.fields.*.scale:num",
  "config.*.*.arrays.*.fields.*.size:num",
  "config.*.*.arrays.*.fields.*.units:str",
  "config.*.*.arrays.*.rel_offset:num",
  "config.*.*.arrays.*.stride:num",
  "config.*.*.axes.[].array:str",
  "config.*.*.axes.[].channel:null",
  "config.*.*.axes.[].channel:str",
  "config.*.*.axes.[].en:str",
  "config.*.*.axes.[].n:str",
  "config.*.*.axes.[].n_max:num",
  "config.*.*.axes.[].optional:bool",
  "config.*.*.axes.[].src:str",
  "config.*.*.axis:bool",
  "config.*.*.axis_of:str",
  "config.*.*.base_offset:num",
  "config.*.*.col_labels.[]:str",
  "config.*.*.cols:num",
  "config.*.*.cols_max:num",
  "config.*.*.count:num",
  "config.*.*.datatype:str",
  "config.*.*.datatype=ASCII",
  "config.*.*.datatype=EXPR",
  "config.*.*.datatype=F32",
  "config.*.*.datatype=S16",
  "config.*.*.datatype=U08",
  "config.*.*.datatype=U16",
  "config.*.*.datatype=U32",
  "config.*.*.default:num",
  "config.*.*.default:str",
  "config.*.*.depth:num",
  "config.*.*.depth_max:num",
  "config.*.*.digits:num",
  "config.*.*.element_ids.[]:str",
  "config.*.*.element_interfaces.[].[]:str",
  "config.*.*.element_labels.[]:str",
  "config.*.*.element_options.*.[].[]:num",
  "config.*.*.element_signals.[]:str",
  "config.*.*.element_types.[]:null",
  "config.*.*.element_types.[]:str",
  "config.*.*.enum:str",
  "config.*.*.fields.*.bits.*.bitHi:num",
  "config.*.*.fields.*.bits.*.bitLo:num",
  "config.*.*.fields.*.bits.*.help:str",
  "config.*.*.fields.*.bits.*.kind:str",
  "config.*.*.fields.*.bits.*.kind=bool",
  "config.*.*.fields.*.bits.*.kind=enum",
  "config.*.*.fields.*.bits.*.label:str",
  "config.*.*.fields.*.bits.*.max:num",
  "config.*.*.fields.*.bits.*.min:num",
  "config.*.*.fields.*.bits.*.options.[]:str",
  "config.*.*.fields.*.datatype:str",
  "config.*.*.fields.*.datatype=ASCII",
  "config.*.*.fields.*.datatype=EXPR",
  "config.*.*.fields.*.datatype=F32",
  "config.*.*.fields.*.datatype=S08",
  "config.*.*.fields.*.datatype=S16",
  "config.*.*.fields.*.datatype=U08",
  "config.*.*.fields.*.datatype=U16",
  "config.*.*.fields.*.datatype=U32",
  "config.*.*.fields.*.default.[]:num",
  "config.*.*.fields.*.default:num",
  "config.*.*.fields.*.default:str",
  "config.*.*.fields.*.digits:num",
  "config.*.*.fields.*.enum:str",
  "config.*.*.fields.*.help:str",
  "config.*.*.fields.*.kind:str",
  "config.*.*.fields.*.kind=bool",
  "config.*.*.fields.*.kind=enum",
  "config.*.*.fields.*.kind=expression",
  "config.*.*.fields.*.kind=signal",
  "config.*.*.fields.*.kind=table_ref",
  "config.*.*.fields.*.label:str",
  "config.*.*.fields.*.length:num",
  "config.*.*.fields.*.max:num",
  "config.*.*.fields.*.min:num",
  "config.*.*.fields.*.option_ids.[]:str",
  "config.*.*.fields.*.options.[]:str",
  "config.*.*.fields.*.picker.by:str",
  "config.*.*.fields.*.picker.sets.[].*.[].fixed:bool",
  "config.*.*.fields.*.picker.sets.[].*.[].label:str",
  "config.*.*.fields.*.picker.sets.[].*.[].pin:bool",
  "config.*.*.fields.*.picker.sets.[].*.[].value:num",
  "config.*.*.fields.*.picker.sets.[].*.[]:num",
  "config.*.*.fields.*.rel_offset:num",
  "config.*.*.fields.*.scale:num",
  "config.*.*.fields.*.size:num",
  "config.*.*.fields.*.subcat:str",
  "config.*.*.fields.*.type_scaled:bool",
  "config.*.*.fields.*.units:str",
  "config.*.*.help:str",
  "config.*.*.kind:str",
  "config.*.*.kind=bool",
  "config.*.*.kind=enum",
  "config.*.*.kind=expression",
  "config.*.*.kind=signal",
  "config.*.*.label:str",
  "config.*.*.length:num",
  "config.*.*.max:num",
  "config.*.*.min:num",
  "config.*.*.offset:num",
  "config.*.*.option_ids.[]:str",
  "config.*.*.options.[]:str",
  "config.*.*.resizable:bool",
  "config.*.*.row_labels.[]:str",
  "config.*.*.rows:num",
  "config.*.*.rows_max:num",
  "config.*.*.scale:num",
  "config.*.*.segment:str",
  "config.*.*.size:num",
  "config.*.*.stride:num",
  "config.*.*.tables.*.axes.*.datatype:str",
  "config.*.*.tables.*.axes.*.datatype=S16",
  "config.*.*.tables.*.axes.*.datatype=U16",
  "config.*.*.tables.*.axes.*.digits:num",
  "config.*.*.tables.*.axes.*.en_rel:num",
  "config.*.*.tables.*.axes.*.label:str",
  "config.*.*.tables.*.axes.*.max:num",
  "config.*.*.tables.*.axes.*.min:num",
  "config.*.*.tables.*.axes.*.n_rel:num",
  "config.*.*.tables.*.axes.*.rel_offset:num",
  "config.*.*.tables.*.axes.*.scale:num",
  "config.*.*.tables.*.axes.*.src_rel:num",
  "config.*.*.tables.*.axes.*.units:str",
  "config.*.*.tables.*.axes.*.value_max:num",
  "config.*.*.tables.*.axes.*.value_min:num",
  "config.*.*.tables.*.axis.datatype:str",
  "config.*.*.tables.*.axis.datatype=U16",
  "config.*.*.tables.*.axis.element_units.[]:str",
  "config.*.*.tables.*.axis.label:str",
  "config.*.*.tables.*.axis.rel_offset:num",
  "config.*.*.tables.*.axis.scale:num",
  "config.*.*.tables.*.axis.size:num",
  "config.*.*.tables.*.axis.units:str",
  "config.*.*.tables.*.cell.datatype:str",
  "config.*.*.tables.*.cell.datatype=S16",
  "config.*.*.tables.*.cell.digits:num",
  "config.*.*.tables.*.cell.rel_offset:num",
  "config.*.*.tables.*.cell.scale:num",
  "config.*.*.tables.*.display:str",
  "config.*.*.tables.*.label:str",
  "config.*.*.tables.*.n.datatype:str",
  "config.*.*.tables.*.n.datatype=U08",
  "config.*.*.tables.*.n.rel_offset:num",
  "config.*.*.tables.*.points:num",
  "config.*.*.tables.*.std:bool",
  "config.*.*.tables.*.value.datatype:str",
  "config.*.*.tables.*.value.datatype=S16",
  "config.*.*.tables.*.value.digits:num",
  "config.*.*.tables.*.value.element_scales.[]:num",
  "config.*.*.tables.*.value.element_units.[]:str",
  "config.*.*.tables.*.value.label:str",
  "config.*.*.tables.*.value.max:num",
  "config.*.*.tables.*.value.min:num",
  "config.*.*.tables.*.value.rel_offset:num",
  "config.*.*.tables.*.value.scale:num",
  "config.*.*.tables.*.value.size:num",
  "config.*.*.tables.*.value.type_scaled:bool",
  "config.*.*.translate:num",
  "config.*.*.type:str",
  "config.*.*.type=scalar",
  "config.*.*.type=struct_array",
  "config.*.*.type=table",
  "config.*.*.units:str",
  "connectors.*.color:str",
  "connectors.*.desc:str",
  "connectors.*.mate:str",
  "connectors.*.part:str",
  "datalog_templates.[].all:bool",
  "datalog_templates.[].blurb:str",
  "datalog_templates.[].categories.[]:str",
  "datalog_templates.[].detail:str",
  "datalog_templates.[].id:str",
  "datalog_templates.[].name:str",
  "datalog_templates.[].rate_hz:num",
  "datalog_templates.[].signals.[]:str",
  "datalog_templates.[].use_datalog_flag:bool",
  "default_tune:str",
  "dtc_categories.[].hi:str",
  "dtc_categories.[].label:str",
  "dtc_categories.[].lo:str",
  "dtc_descriptions.*:str",
  "enums.*.[].id:str",
  "enums.*.[].label:str",
  "enums.*.[].value:num",
  "hardware.adc.full_scale:num",
  "hardware.adc.vref_mv:num",
  "hardware.at.fullscale_mv:num",
  "hardware.av.fullscale_mv:num",
  "hardware.board:str",
  "hw_pool_signals.*.[]:str",
  "learned.blocks.[].apply_to.[]:str",
  "learned.blocks.[].cells:num",
  "learned.blocks.[].col_axis.channel:str",
  "learned.blocks.[].col_axis.external:bool",
  "learned.blocks.[].col_axis.max:num",
  "learned.blocks.[].col_axis.min:num",
  "learned.blocks.[].col_axis.path:str",
  "learned.blocks.[].col_labels.[]:str",
  "learned.blocks.[].cols:num",
  "learned.blocks.[].depth:num",
  "learned.blocks.[].depth_axis.channel:str",
  "learned.blocks.[].depth_axis.en:str",
  "learned.blocks.[].depth_axis.path:str",
  "learned.blocks.[].digits:num",
  "learned.blocks.[].id:str",
  "learned.blocks.[].label:str",
  "learned.blocks.[].module:str",
  "learned.blocks.[].offset:num",
  "learned.blocks.[].row_axis.channel:str",
  "learned.blocks.[].row_axis.en:str",
  "learned.blocks.[].row_axis.external:bool",
  "learned.blocks.[].row_axis.max:num",
  "learned.blocks.[].row_axis.min:num",
  "learned.blocks.[].row_axis.path:str",
  "learned.blocks.[].row_labels.[]:str",
  "learned.blocks.[].rows:num",
  "learned.blocks.[].scale:num",
  "learned.blocks.[].size:num",
  "learned.blocks.[].type:str",
  "learned.blocks.[].type=int16",
  "learned.blocks.[].units:str",
  "learned.page_base:str",
  "learned.region_cap:num",
  "learned.region_used:num",
  "lua_api.*.[].doc:str",
  "lua_api.*.[].name:str",
  "lua_api.*.[].sig:str",
  "meta.board:str",
  "meta.config_size:num",
  "meta.fw_build:str",
  "meta.fw_version:str",
  "meta.layout_hash:str",
  "meta.min_studio:str",
  "meta.product:str",
  "meta.proto:num",
  "meta.telemetry_size:num",
  "navigation_tree.[].children.[].children.[].children.[].name:str",
  "navigation_tree.[].children.[].children.[].children.[].target_path:str",
  "navigation_tree.[].children.[].children.[].name:str",
  "navigation_tree.[].children.[].children.[].target_path:str",
  "navigation_tree.[].children.[].name:str",
  "navigation_tree.[].children.[].target_path:str",
  "navigation_tree.[].name:str",
  "output_templates.[].blurb:str",
  "output_templates.[].candidates.[].role:num",
  "output_templates.[].candidates.[].signal:str",
  "output_templates.[].detail:str",
  "output_templates.[].duty_table:str",
  "output_templates.[].fixed_pct:num",
  "output_templates.[].freq_expr:str",
  "output_templates.[].id:str",
  "output_templates.[].inputs.[]:str",
  "output_templates.[].kind:num",
  "output_templates.[].max_on_from:str",
  "output_templates.[].min_off_ms:num",
  "output_templates.[].min_on_ms:num",
  "output_templates.[].name:str",
  "output_templates.[].off_when:str",
  "output_templates.[].on_invalid:num",
  "output_templates.[].on_when:str",
  "output_templates.[].options.[].default:num",
  "output_templates.[].options.[].help:str",
  "output_templates.[].options.[].input:str",
  "output_templates.[].options.[].join:str",
  "output_templates.[].options.[].label:str",
  "output_templates.[].options.[].name:str",
  "output_templates.[].options.[].term:str",
  "output_templates.[].options_label:str",
  "output_templates.[].options_lead:str",
  "output_templates.[].params.[].default:num",
  "output_templates.[].params.[].digits:num",
  "output_templates.[].params.[].help:str",
  "output_templates.[].params.[].label:str",
  "output_templates.[].params.[].max:num",
  "output_templates.[].params.[].min:num",
  "output_templates.[].params.[].name:str",
  "output_templates.[].params.[].units:str",
  "output_templates.[].pwm_freq_hz:num",
  "output_templates.[].rearm_from:str",
  "output_templates.[].value_source:num",
  "pcVars.[].datatype:str",
  "pcVars.[].datatype=F32",
  "pcVars.[].default:num",
  "pcVars.[].kind:str",
  "pcVars.[].kind=",
  "pcVars.[].kind=enum",
  "pcVars.[].label:str",
  "pcVars.[].max:num",
  "pcVars.[].min:num",
  "pcVars.[].name:str",
  "pcVars.[].options.[]:str",
  "pcVars.[].scale:num",
  "pcVars.[].units:str",
  "protocol.*.*.code:num",
  "protocol.*.*.code:str",
  "protocol.*.*.desc:str",
  "protocol.*.*.float:bool",
  "protocol.*.*.reply:str",
  "protocol.*.*.request:str",
  "protocol.*.*.signed:bool",
  "protocol.*.*.size:num",
  "protocol.*.block_size:num",
  "protocol.*.crc.algo:str",
  "protocol.*.crc.bytes:num",
  "protocol.*.crc.endian:str",
  "protocol.*.crc.init:num",
  "protocol.*.crc.poly:num",
  "protocol.*.field_endian:str",
  "protocol.*.header_bytes:num",
  "protocol.*.length.bytes:num",
  "protocol.*.length.counts:str",
  "protocol.*.length.endian:str",
  "protocol.*.request:str",
  "protocol.*.response:str",
  "protocol.*.sync.[]:num",
  "segments.[].base:num",
  "segments.[].id:str",
  "segments.[].kind:str",
  "segments.[].kind=nvram",
  "segments.[].kind=tune",
  "segments.[].size:num",
  "segments.[].writable:bool",
  "sensor_types.[].digits:num",
  "sensor_types.[].id:str",
  "sensor_types.[].max:num",
  "sensor_types.[].min:num",
  "sensor_types.[].scale:num",
  "sensor_types.[].selectable:bool",
  "sensor_types.[].units:str",
  "signals.*:num",
  "table_registry.[].id:num",
  "table_registry.[].label:str",
  "table_registry.[].name:str",
  "telemetry.*.bus_type:str",
  "telemetry.*.datalog:bool",
  "telemetry.*.datatype:str",
  "telemetry.*.datatype=F32",
  "telemetry.*.datatype=S16",
  "telemetry.*.datatype=S32",
  "telemetry.*.datatype=U08",
  "telemetry.*.datatype=U16",
  "telemetry.*.datatype=U32",
  "telemetry.*.digits:num",
  "telemetry.*.enum:str",
  "telemetry.*.label:str",
  "telemetry.*.max:num",
  "telemetry.*.min:num",
  "telemetry.*.module:str",
  "telemetry.*.offset:num",
  "telemetry.*.options.[]:str",
  "telemetry.*.scale:num",
  "telemetry.*.size:num",
  "telemetry.*.units:str",
  "telemetry.*.update_hz:num",
  "trigger_wheels.[].cam_edge:num",
  "trigger_wheels.[].name:str",
  "trigger_wheels.[].sensor_angle:num",
  "trigger_wheels.[].streams.[].cell.[]:num",
  "trigger_wheels.[].streams.[].edge:num",
  "trigger_wheels.[].streams.[].gaps.[]:num",
  "trigger_wheels.[].streams.[].kind:str",
  "trigger_wheels.[].streams.[].kind=gap",
  "trigger_wheels.[].streams.[].kind=seq",
  "trigger_wheels.[].streams.[].kind=width",
  "trigger_wheels.[].streams.[].rate:num",
  "trigger_wheels.[].streams.[].ratio:num",
  "trigger_wheels.[].streams.[].repeats:num",
  "trigger_wheels.[].streams.[].role:num",
  "trigger_wheels.[].streams.[].slots:num",
  "trigger_wheels.[].streams.[].width_max:num",
  "trigger_wheels.[].streams.[].width_min:num",
  "trigger_wheels.[].streams.[].width_target:num",
  "trigger_wheels.[].sync:str",
  "trigger_wheels.[].tdc_offset:num",
  "wiring.*.color:str",
  "wiring.*.pin:str"
 ]
}
